
Microsoft Visual Studio Solution File, Format Version 12.00
# Visual Studio 15
VisualStudioVersion = 15.0.27004.2009
MinimumVisualStudioVersion = 10.0.40219.1
Project("{FAE04EC0-301F-11D3-BF4B-00C04F79EFBC}") = "POO_Final", "FrancisProyect\POO_Final.csproj", "{45ECD244-0B4D-4969-892E-6188C79F7A05}"
EndProject
Project("{FAE04EC0-301F-11D3-BF4B-00C04F79EFBC}") = "IMC_Project", "IMC_Project\IMC_Project.csproj", "{0B1320E6-7C59-4DBE-8F6B-7FB541BA0CA3}"
EndProject
Project("{FAE04EC0-301F-11D3-BF4B-00C04F79EFBC}") = "SuccesionFibonacci", "SuccesionFibonacci\SuccesionFibonacci.csproj", "{7D1AC85A-F010-470F-B7B3-79F6A7D4CBE0}"
EndProject
Global
	GlobalSection(SolutionConfigurationPlatforms) = preSolution
		Debug|Any CPU = Debug|Any CPU
		Release|Any CPU = Release|Any CPU
	EndGlobalSection
	GlobalSection(ProjectConfigurationPlatforms) = postSolution
		{45ECD244-0B4D-4969-892E-6188C79F7A05}.Debug|Any CPU.ActiveCfg = Debug|Any CPU
		{45ECD244-0B4D-4969-892E-6188C79F7A05}.Debug|Any CPU.Build.0 = Debug|Any CPU
		{45ECD244-0B4D-4969-892E-6188C79F7A05}.Release|Any CPU.ActiveCfg = Release|Any CPU
		{45ECD244-0B4D-4969-892E-6188C79F7A05}.Release|Any CPU.Build.0 = Release|Any CPU
		{0B1320E6-7C59-4DBE-8F6B-7FB541BA0CA3}.Debug|Any CPU.ActiveCfg = Debug|Any CPU
		{0B1320E6-7C59-4DBE-8F6B-7FB541BA0CA3}.Debug|Any CPU.Build.0 = Debug|Any CPU
		{0B1320E6-7C59-4DBE-8F6B-7FB541BA0CA3}.Release|Any CPU.ActiveCfg = Release|Any CPU
		{0B1320E6-7C59-4DBE-8F6B-7FB541BA0CA3}.Release|Any CPU.Build.0 = Release|Any CPU
		{7D1AC85A-F010-470F-B7B3-79F6A7D4CBE0}.Debug|Any CPU.ActiveCfg = Debug|Any CPU
		{7D1AC85A-F010-470F-B7B3-79F6A7D4CBE0}.Debug|Any CPU.Build.0 = Debug|Any CPU
		{7D1AC85A-F010-470F-B7B3-79F6A7D4CBE0}.Release|Any CPU.ActiveCfg = Release|Any CPU
		{7D1AC85A-F010-470F-B7B3-79F6A7D4CBE0}.Release|Any CPU.Build.0 = Release|Any CPU
	EndGlobalSection
	GlobalSection(SolutionProperties) = preSolution
		HideSolutionNode = FALSE
	EndGlobalSection
	GlobalSection(ExtensibilityGlobals) = postSolution
		SolutionGuid = {D195F318-755B-434B-845B-9EEA501F526E}
	EndGlobalSection
EndGlobal
